
Microsoft Visual Studio Solution File, Format Version 12.00
# Visual Studio Version 17
VisualStudioVersion = 17.9.34728.123
MinimumVisualStudioVersion = 10.0.40219.1
Project("{FAE04EC0-301F-11D3-BF4B-00C04F79EFBC}") = "PIM 3 TOTEN", "PIM 3 TOTEN\PIM 3 TOTEN.csproj", "{6FE211B2-B3E3-44EC-B9D7-1428664C007B}"
EndProject
Global
	GlobalSection(SolutionConfigurationPlatforms) = preSolution
		Debug|Any CPU = Debug|Any CPU
		Release|Any CPU = Release|Any CPU
	EndGlobalSection
	GlobalSection(ProjectConfigurationPlatforms) = postSolution
		{6FE211B2-B3E3-44EC-B9D7-1428664C007B}.Debug|Any CPU.ActiveCfg = Debug|Any CPU
		{6FE211B2-B3E3-44EC-B9D7-1428664C007B}.Debug|Any CPU.Build.0 = Debug|Any CPU
		{6FE211B2-B3E3-44EC-B9D7-1428664C007B}.Release|Any CPU.ActiveCfg = Release|Any CPU
		{6FE211B2-B3E3-44EC-B9D7-1428664C007B}.Release|Any CPU.Build.0 = Release|Any CPU
	EndGlobalSection
	GlobalSection(SolutionProperties) = preSolution
		HideSolutionNode = FALSE
	EndGlobalSection
	GlobalSection(ExtensibilityGlobals) = postSolution
		SolutionGuid = {E8591EC8-507D-4730-9F8F-D4953C194697}
	EndGlobalSection
EndGlobal
